
Microsoft Visual Studio Solution File, Format Version 12.00
Project("{FAE04EC0-301F-11D3-BF4B-00C04F79EFBC}") = "FacadeService", "FacadeService\FacadeService.csproj", "{64E8002D-D201-431E-A49D-FCB969C927B5}"
EndProject
Project("{FAE04EC0-301F-11D3-BF4B-00C04F79EFBC}") = "LoggingService", "LoggingService\LoggingService.csproj", "{512FB64E-6C50-401C-8890-3A5F6FF95FC4}"
EndProject
Project("{FAE04EC0-301F-11D3-BF4B-00C04F79EFBC}") = "MessagesService", "MessagesService\MessagesService.csproj", "{72054317-50C0-4F5F-96FE-8501EFAEEFD0}"
EndProject
Project("{FAE04EC0-301F-11D3-BF4B-00C04F79EFBC}") = "HazelcastBasics", "HazelcastBasics\HazelcastBasics.csproj", "{6B995A58-E5F4-47A8-9532-74B88C56E489}"
EndProject
Project("{FAE04EC0-301F-11D3-BF4B-00C04F79EFBC}") = "HazelcastBenchmarks", "HazelcastBenchmarks\HazelcastBenchmarks.csproj", "{C344BBEB-1B8A-4A44-B4B1-E685BC5119AD}"
EndProject
Project("{FAE04EC0-301F-11D3-BF4B-00C04F79EFBC}") = "HazelcastTests", "HazelcastTests\HazelcastTests.csproj", "{FFCFE59A-B3F0-4B11-AB29-33457CB6F363}"
EndProject
Global
	GlobalSection(SolutionConfigurationPlatforms) = preSolution
		Debug|Any CPU = Debug|Any CPU
		Release|Any CPU = Release|Any CPU
	EndGlobalSection
	GlobalSection(ProjectConfigurationPlatforms) = postSolution
		{64E8002D-D201-431E-A49D-FCB969C927B5}.Debug|Any CPU.ActiveCfg = Debug|Any CPU
		{64E8002D-D201-431E-A49D-FCB969C927B5}.Debug|Any CPU.Build.0 = Debug|Any CPU
		{64E8002D-D201-431E-A49D-FCB969C927B5}.Release|Any CPU.ActiveCfg = Release|Any CPU
		{64E8002D-D201-431E-A49D-FCB969C927B5}.Release|Any CPU.Build.0 = Release|Any CPU
		{512FB64E-6C50-401C-8890-3A5F6FF95FC4}.Debug|Any CPU.ActiveCfg = Debug|Any CPU
		{512FB64E-6C50-401C-8890-3A5F6FF95FC4}.Debug|Any CPU.Build.0 = Debug|Any CPU
		{512FB64E-6C50-401C-8890-3A5F6FF95FC4}.Release|Any CPU.ActiveCfg = Release|Any CPU
		{512FB64E-6C50-401C-8890-3A5F6FF95FC4}.Release|Any CPU.Build.0 = Release|Any CPU
		{72054317-50C0-4F5F-96FE-8501EFAEEFD0}.Debug|Any CPU.ActiveCfg = Debug|Any CPU
		{72054317-50C0-4F5F-96FE-8501EFAEEFD0}.Debug|Any CPU.Build.0 = Debug|Any CPU
		{72054317-50C0-4F5F-96FE-8501EFAEEFD0}.Release|Any CPU.ActiveCfg = Release|Any CPU
		{72054317-50C0-4F5F-96FE-8501EFAEEFD0}.Release|Any CPU.Build.0 = Release|Any CPU
		{6B995A58-E5F4-47A8-9532-74B88C56E489}.Debug|Any CPU.ActiveCfg = Debug|Any CPU
		{6B995A58-E5F4-47A8-9532-74B88C56E489}.Debug|Any CPU.Build.0 = Debug|Any CPU
		{6B995A58-E5F4-47A8-9532-74B88C56E489}.Release|Any CPU.ActiveCfg = Release|Any CPU
		{6B995A58-E5F4-47A8-9532-74B88C56E489}.Release|Any CPU.Build.0 = Release|Any CPU
		{C344BBEB-1B8A-4A44-B4B1-E685BC5119AD}.Debug|Any CPU.ActiveCfg = Debug|Any CPU
		{C344BBEB-1B8A-4A44-B4B1-E685BC5119AD}.Debug|Any CPU.Build.0 = Debug|Any CPU
		{C344BBEB-1B8A-4A44-B4B1-E685BC5119AD}.Release|Any CPU.ActiveCfg = Release|Any CPU
		{C344BBEB-1B8A-4A44-B4B1-E685BC5119AD}.Release|Any CPU.Build.0 = Release|Any CPU
		{FFCFE59A-B3F0-4B11-AB29-33457CB6F363}.Debug|Any CPU.ActiveCfg = Debug|Any CPU
		{FFCFE59A-B3F0-4B11-AB29-33457CB6F363}.Debug|Any CPU.Build.0 = Debug|Any CPU
		{FFCFE59A-B3F0-4B11-AB29-33457CB6F363}.Release|Any CPU.ActiveCfg = Release|Any CPU
		{FFCFE59A-B3F0-4B11-AB29-33457CB6F363}.Release|Any CPU.Build.0 = Release|Any CPU
	EndGlobalSection
EndGlobal
